
Microsoft Visual Studio Solution File, Format Version 12.00
# Visual Studio 2012
Project("{FAE04EC0-301F-11D3-BF4B-00C04F79EFBC}") = "Toggler.Demo", "FeatureToggle.Demo\Toggler.Demo.csproj", "{64980F0C-A597-4726-950B-52BB0FFC97B5}"
EndProject
Project("{FAE04EC0-301F-11D3-BF4B-00C04F79EFBC}") = "Toggler", "source\Toggler\Toggler.csproj", "{F36FB021-6553-438E-A1F1-35A774C4EA5D}"
EndProject
Project("{FAE04EC0-301F-11D3-BF4B-00C04F79EFBC}") = "FeatureToggle.Tests.Unit", "tests\FeatureToggle.Tests.Unit\FeatureToggle.Tests.Unit.csproj", "{CCFACC4F-CD78-41FF-8237-F339EC9F1653}"
EndProject
Project("{2150E333-8FDC-42A3-9474-1A3956D46DE8}") = ".nuget", ".nuget", "{35160CB5-35B7-4467-B6EE-D6A64AEE888A}"
	ProjectSection(SolutionItems) = preProject
		.nuget\packages.config = .nuget\packages.config
	EndProjectSection
EndProject
Project("{FAE04EC0-301F-11D3-BF4B-00C04F79EFBC}") = "FeatureToggle.Tests.Acceptance", "FeatureToggle.Tests.Acceptance\FeatureToggle.Tests.Acceptance.csproj", "{601B7923-418D-411C-A635-329EE899D71A}"
EndProject
Global
	GlobalSection(SolutionConfigurationPlatforms) = preSolution
		Debug|Any CPU = Debug|Any CPU
		Debug|Mixed Platforms = Debug|Mixed Platforms
		Debug|x86 = Debug|x86
		Release|Any CPU = Release|Any CPU
		Release|Mixed Platforms = Release|Mixed Platforms
		Release|x86 = Release|x86
	EndGlobalSection
	GlobalSection(ProjectConfigurationPlatforms) = postSolution
		{64980F0C-A597-4726-950B-52BB0FFC97B5}.Debug|Any CPU.ActiveCfg = Debug|x86
		{64980F0C-A597-4726-950B-52BB0FFC97B5}.Debug|Mixed Platforms.ActiveCfg = Debug|x86
		{64980F0C-A597-4726-950B-52BB0FFC97B5}.Debug|Mixed Platforms.Build.0 = Debug|x86
		{64980F0C-A597-4726-950B-52BB0FFC97B5}.Debug|x86.ActiveCfg = Debug|x86
		{64980F0C-A597-4726-950B-52BB0FFC97B5}.Debug|x86.Build.0 = Debug|x86
		{64980F0C-A597-4726-950B-52BB0FFC97B5}.Release|Any CPU.ActiveCfg = Release|x86
		{64980F0C-A597-4726-950B-52BB0FFC97B5}.Release|Mixed Platforms.ActiveCfg = Release|x86
		{64980F0C-A597-4726-950B-52BB0FFC97B5}.Release|Mixed Platforms.Build.0 = Release|x86
		{64980F0C-A597-4726-950B-52BB0FFC97B5}.Release|x86.ActiveCfg = Release|x86
		{64980F0C-A597-4726-950B-52BB0FFC97B5}.Release|x86.Build.0 = Release|x86
		{F36FB021-6553-438E-A1F1-35A774C4EA5D}.Debug|Any CPU.ActiveCfg = Debug|Any CPU
		{F36FB021-6553-438E-A1F1-35A774C4EA5D}.Debug|Any CPU.Build.0 = Debug|Any CPU
		{F36FB021-6553-438E-A1F1-35A774C4EA5D}.Debug|Mixed Platforms.ActiveCfg = Debug|Any CPU
		{F36FB021-6553-438E-A1F1-35A774C4EA5D}.Debug|Mixed Platforms.Build.0 = Debug|Any CPU
		{F36FB021-6553-438E-A1F1-35A774C4EA5D}.Debug|x86.ActiveCfg = Debug|Any CPU
		{F36FB021-6553-438E-A1F1-35A774C4EA5D}.Release|Any CPU.ActiveCfg = Release|Any CPU
		{F36FB021-6553-438E-A1F1-35A774C4EA5D}.Release|Any CPU.Build.0 = Release|Any CPU
		{F36FB021-6553-438E-A1F1-35A774C4EA5D}.Release|Mixed Platforms.ActiveCfg = Release|Any CPU
		{F36FB021-6553-438E-A1F1-35A774C4EA5D}.Release|Mixed Platforms.Build.0 = Release|Any CPU
		{F36FB021-6553-438E-A1F1-35A774C4EA5D}.Release|x86.ActiveCfg = Release|Any CPU
		{CCFACC4F-CD78-41FF-8237-F339EC9F1653}.Debug|Any CPU.ActiveCfg = Debug|Any CPU
		{CCFACC4F-CD78-41FF-8237-F339EC9F1653}.Debug|Any CPU.Build.0 = Debug|Any CPU
		{CCFACC4F-CD78-41FF-8237-F339EC9F1653}.Debug|Mixed Platforms.ActiveCfg = Debug|Any CPU
		{CCFACC4F-CD78-41FF-8237-F339EC9F1653}.Debug|Mixed Platforms.Build.0 = Debug|Any CPU
		{CCFACC4F-CD78-41FF-8237-F339EC9F1653}.Debug|x86.ActiveCfg = Debug|Any CPU
		{CCFACC4F-CD78-41FF-8237-F339EC9F1653}.Release|Any CPU.ActiveCfg = Release|Any CPU
		{CCFACC4F-CD78-41FF-8237-F339EC9F1653}.Release|Any CPU.Build.0 = Release|Any CPU
		{CCFACC4F-CD78-41FF-8237-F339EC9F1653}.Release|Mixed Platforms.ActiveCfg = Release|Any CPU
		{CCFACC4F-CD78-41FF-8237-F339EC9F1653}.Release|Mixed Platforms.Build.0 = Release|Any CPU
		{CCFACC4F-CD78-41FF-8237-F339EC9F1653}.Release|x86.ActiveCfg = Release|Any CPU
		{601B7923-418D-411C-A635-329EE899D71A}.Debug|Any CPU.ActiveCfg = Debug|Any CPU
		{601B7923-418D-411C-A635-329EE899D71A}.Debug|Any CPU.Build.0 = Debug|Any CPU
		{601B7923-418D-411C-A635-329EE899D71A}.Debug|Mixed Platforms.ActiveCfg = Debug|Any CPU
		{601B7923-418D-411C-A635-329EE899D71A}.Debug|Mixed Platforms.Build.0 = Debug|Any CPU
		{601B7923-418D-411C-A635-329EE899D71A}.Debug|x86.ActiveCfg = Debug|Any CPU
		{601B7923-418D-411C-A635-329EE899D71A}.Release|Any CPU.ActiveCfg = Release|Any CPU
		{601B7923-418D-411C-A635-329EE899D71A}.Release|Any CPU.Build.0 = Release|Any CPU
		{601B7923-418D-411C-A635-329EE899D71A}.Release|Mixed Platforms.ActiveCfg = Release|Any CPU
		{601B7923-418D-411C-A635-329EE899D71A}.Release|Mixed Platforms.Build.0 = Release|Any CPU
		{601B7923-418D-411C-A635-329EE899D71A}.Release|x86.ActiveCfg = Release|Any CPU
	EndGlobalSection
	GlobalSection(SolutionProperties) = preSolution
		HideSolutionNode = FALSE
	EndGlobalSection
EndGlobal
